dependencies:
  bexcran/esp32-uuid:
    component_hash: 936ccedd0132205f85e9db9fcc0dae941f092028d4cac79b92f5041c60e6787b
    dependencies: []
    source:
      git: https://github.com/bexcran/esp32-uuid
      path: .
      type: git
    version: 0d79630d34bee01f844d94b35e6464d49efbd60b
  espressif/cjson:
    component_hash: 9372811fb197926f522c467627cf4a8e72b681e0366e17879631da801103aef3
    dependencies:
    - name: idf
      require: private
      version: '>=5.0'
    source:
      registry_url: https://components.espressif.com/
      type: service
    version: 1.7.19
  idf:
    source:
      type: idf
    version: 5.5.2
  joltwallet/littlefs:
    component_hash: 1808d73e99168f6f3c26dd31799a248484762b3a320ec4962dec11a145f4277f
    dependencies:
    - name: idf
      require: private
      version: '>=5.0'
    source:
      registry_url: https://components.espressif.com/
      type: service
    version: 1.20.3
direct_dependencies:
- bexcran/esp32-uuid
- espressif/cjson
- idf
- joltwallet/littlefs
manifest_hash: 0303766423370abc58d8c9424f59fbca8ee5bf8098bfcaf0a4691870b11ff01d
target: esp32
version: 2.0.0
